{
  "name": "houdini-blobs",
  "version": "1.0.0",
  "lockfileVersion": 1,
  "requires": true,
  "dependencies": {
    "@georgedoescode/generative-utils": {
      "version": "1.0.1",
      "resolved": "https://registry.npmjs.org/@georgedoescode/generative-utils/-/generative-utils-1.0.1.tgz",
      "integrity": "sha512-f+iJ9MeulqTabXE5FLySH9fT1HWXGMg5CIrbjM6sfqH2WpA7qoNqP+GJC7hB8cfu72A78Iy3R66gCp70euiIxg=="
    },
    "esbuild": {
      "version": "0.12.5",
      "resolved": "https://registry.npmjs.org/esbuild/-/esbuild-0.12.5.tgz",
      "integrity": "sha512-vcuP53pA5XiwUU4FnlXM+2PnVjTfHGthM7uP1gtp+9yfheGvFFbq/KyuESThmtoHPUrfZH5JpxGVJIFDVD1Egw=="
    }
  }
}
